
Microsoft Visual Studio Solution File, Format Version 12.00
# Visual Studio Version 16
VisualStudioVersion = 16.0.30907.101
MinimumVisualStudioVersion = 10.0.40219.1
Project("{8BC9CEB8-8B4A-11D0-8D11-00A0C91BC942}") = "BOJ", "BOJ\BOJ.vcxproj", "{AFE6DBD8-EA9B-4447-9DD4-38EA407E65FC}"
EndProject
Global
	GlobalSection(SolutionConfigurationPlatforms) = preSolution
		Debug|x64 = Debug|x64
		Debug|x86 = Debug|x86
		Release|x64 = Release|x64
		Release|x86 = Release|x86
	EndGlobalSection
	GlobalSection(ProjectConfigurationPlatforms) = postSolution
		{AFE6DBD8-EA9B-4447-9DD4-38EA407E65FC}.Debug|x64.ActiveCfg = Debug|x64
		{AFE6DBD8-EA9B-4447-9DD4-38EA407E65FC}.Debug|x64.Build.0 = Debug|x64
		{AFE6DBD8-EA9B-4447-9DD4-38EA407E65FC}.Debug|x86.ActiveCfg = Debug|Win32
		{AFE6DBD8-EA9B-4447-9DD4-38EA407E65FC}.Debug|x86.Build.0 = Debug|Win32
		{AFE6DBD8-EA9B-4447-9DD4-38EA407E65FC}.Release|x64.ActiveCfg = Release|x64
		{AFE6DBD8-EA9B-4447-9DD4-38EA407E65FC}.Release|x64.Build.0 = Release|x64
		{AFE6DBD8-EA9B-4447-9DD4-38EA407E65FC}.Release|x86.ActiveCfg = Release|Win32
		{AFE6DBD8-EA9B-4447-9DD4-38EA407E65FC}.Release|x86.Build.0 = Release|Win32
	EndGlobalSection
	GlobalSection(SolutionProperties) = preSolution
		HideSolutionNode = FALSE
	EndGlobalSection
	GlobalSection(ExtensibilityGlobals) = postSolution
		SolutionGuid = {093723AD-19C7-4FC9-93C1-151B6C885FEF}
	EndGlobalSection
EndGlobal
