<?xml version="1.0" encoding="utf-8"?>
<Project ToolsVersion="4.0" xmlns="http://schemas.microsoft.com/developer/msbuild/2003">
  <ItemGroup>
    <Filter Include="소스 파일">
      <UniqueIdentifier>{4FC737F1-C7A5-4376-A066-2A32D752A2FF}</UniqueIdentifier>
      <Extensions>cpp;c;cc;cxx;c++;cppm;ixx;def;odl;idl;hpj;bat;asm;asmx</Extensions>
    </Filter>
    <Filter Include="헤더 파일">
      <UniqueIdentifier>{93995380-89BD-4b04-88EB-625FBE52EBFB}</UniqueIdentifier>
      <Extensions>h;hh;hpp;hxx;h++;hm;inl;inc;ipp;xsd</Extensions>
    </Filter>
    <Filter Include="리소스 파일">
      <UniqueIdentifier>{67DA6AB6-F800-4c08-8B7A-83BB121AAD01}</UniqueIdentifier>
      <Extensions>rc;ico;cur;bmp;dlg;rc2;rct;bin;rgs;gif;jpg;jpeg;jpe;resx;tiff;tif;png;wav;mfcribbon-ms</Extensions>
    </Filter>
    <Filter Include="소스 파일\Class1">
      <UniqueIdentifier>{d5b68ea4-bf2a-4ea2-bd07-04fc3a4a46bf}</UniqueIdentifier>
    </Filter>
    <Filter Include="소스 파일\BOJ 길라잡이 베타 %281%29">
      <UniqueIdentifier>{1f93310d-2a63-41e7-9dd1-20e5b9d76ba5}</UniqueIdentifier>
    </Filter>
    <Filter Include="소스 파일\Class2">
      <UniqueIdentifier>{a47fcb6d-06a5-47f7-afd6-7ad5143a399e}</UniqueIdentifier>
    </Filter>
    <Filter Include="소스 파일\Class3">
      <UniqueIdentifier>{d7ddb926-bfb4-434c-b501-e5ab62a0b6de}</UniqueIdentifier>
    </Filter>
    <Filter Include="소스 파일\기타">
      <UniqueIdentifier>{3b86ed74-4866-4097-8c00-f7c5628b5e2e}</UniqueIdentifier>
    </Filter>
    <Filter Include="소스 파일\Class4">
      <UniqueIdentifier>{34fa3473-99ab-4741-830f-d28b5626279d}</UniqueIdentifier>
    </Filter>
    <Filter Include="소스 파일\DP">
      <UniqueIdentifier>{6f34c1f5-ae4d-456c-b997-5f38386d9421}</UniqueIdentifier>
    </Filter>
    <Filter Include="소스 파일\진짜 최종 구데기컵 2 2">
      <UniqueIdentifier>{1724482f-fc5d-47e4-bf8e-0d86aee3ec4e}</UniqueIdentifier>
    </Filter>
    <Filter Include="소스 파일\Class5">
      <UniqueIdentifier>{0581aaa8-d0db-4404-931a-0912e8e84362}</UniqueIdentifier>
    </Filter>
    <Filter Include="소스 파일\Class6">
      <UniqueIdentifier>{10200a20-9568-4ab7-86e6-510cad10e18e}</UniqueIdentifier>
    </Filter>
    <Filter Include="소스 파일\Algorithm">
      <UniqueIdentifier>{9c6bc10b-9f68-407a-9098-f748b143499c}</UniqueIdentifier>
    </Filter>
    <Filter Include="소스 파일\이벤트_트리_만들기">
      <UniqueIdentifier>{7054dc56-7831-4ed8-82dc-57f2ca86eb31}</UniqueIdentifier>
    </Filter>
    <Filter Include="소스 파일\Graph">
      <UniqueIdentifier>{8dae08c5-3ac8-4772-94d9-b064285d7cb0}</UniqueIdentifier>
    </Filter>
    <Filter Include="소스 파일\UCPC 2023 예선">
      <UniqueIdentifier>{c7f66dc2-4c45-4fa1-b10e-306593aaa847}</UniqueIdentifier>
    </Filter>
    <Filter Include="소스 파일\Class7">
      <UniqueIdentifier>{b5c706db-6c57-4178-bdb4-fdcd825c8dd3}</UniqueIdentifier>
    </Filter>
    <Filter Include="소스 파일\삼성 SW 역량 테스트 기출 문제">
      <UniqueIdentifier>{63449221-f891-481d-a91d-450ec48be5da}</UniqueIdentifier>
    </Filter>
    <Filter Include="소스 파일\Random Marathon">
      <UniqueIdentifier>{d9f010b9-b4c8-4f15-a8b9-612dc36f6233}</UniqueIdentifier>
    </Filter>
    <Filter Include="소스 파일\Random Marathon\Course 43">
      <UniqueIdentifier>{ea8ba0b6-d2b0-4ff9-84c5-d9a36ab6d26a}</UniqueIdentifier>
    </Filter>
  </ItemGroup>
  <ItemGroup>
    <ClCompile Include="main.cpp">
      <Filter>소스 파일</Filter>
    </ClCompile>
    <ClCompile Include="1008_A_divided_by_B.cpp">
      <Filter>소스 파일\Class1</Filter>
    </ClCompile>
    <ClCompile Include="1330_두_수_비교하기.cpp">
      <Filter>소스 파일\Class1</Filter>
    </ClCompile>
    <ClCompile Include="2438_별_찍기_-_1.cpp">
      <Filter>소스 파일\Class1</Filter>
    </ClCompile>
    <ClCompile Include="2562_최댓값.cpp">
      <Filter>소스 파일\Class1</Filter>
    </ClCompile>
    <ClCompile Include="2675_문자열_반복.cpp">
      <Filter>소스 파일\Class1</Filter>
    </ClCompile>
    <ClCompile Include="2739_구구단.cpp">
      <Filter>소스 파일\Class1</Filter>
    </ClCompile>
    <ClCompile Include="2920_음계.cpp">
      <Filter>소스 파일\Class1</Filter>
    </ClCompile>
    <ClCompile Include="8958_OX퀴즈.cpp">
      <Filter>소스 파일\Class1</Filter>
    </ClCompile>
    <ClCompile Include="10818_최소,_최대.cpp">
      <Filter>소스 파일\Class1</Filter>
    </ClCompile>
    <ClCompile Include="10869_사칙연산.cpp">
      <Filter>소스 파일\Class1</Filter>
    </ClCompile>
    <ClCompile Include="10950_A+B_-_3.cpp">
      <Filter>소스 파일\Class1</Filter>
    </ClCompile>
    <ClCompile Include="10951_A+B_-_4.cpp">
      <Filter>소스 파일\Class1</Filter>
    </ClCompile>
    <ClCompile Include="10952_A+B_-_5.cpp">
      <Filter>소스 파일\Class1</Filter>
    </ClCompile>
    <ClCompile Include="11654_아스키_코드.cpp">
      <Filter>소스 파일\Class1</Filter>
    </ClCompile>
    <ClCompile Include="11720_숫자의_합.cpp">
      <Filter>소스 파일\Class1</Filter>
    </ClCompile>
    <ClCompile Include="2750_수_정렬하기.cpp">
      <Filter>소스 파일\BOJ 길라잡이 베타 %281%29</Filter>
    </ClCompile>
    <ClCompile Include="2941_Croatia_Alphabet.cpp">
      <Filter>소스 파일\BOJ 길라잡이 베타 %281%29</Filter>
    </ClCompile>
    <ClCompile Include="10815_숫자_카드.cpp">
      <Filter>소스 파일\BOJ 길라잡이 베타 %281%29</Filter>
    </ClCompile>
    <ClCompile Include="10989_수_정렬하기_3.cpp">
      <Filter>소스 파일\BOJ 길라잡이 베타 %281%29</Filter>
    </ClCompile>
    <ClCompile Include="1920_수_찾기.cpp">
      <Filter>소스 파일\Class2</Filter>
    </ClCompile>
    <ClCompile Include="2751_수_정렬하기_2.cpp">
      <Filter>소스 파일\Class2</Filter>
    </ClCompile>
    <ClCompile Include="1018_체스판_다시_칠하기.cpp">
      <Filter>소스 파일\Class2</Filter>
    </ClCompile>
    <ClCompile Include="1181_단어_정렬.cpp">
      <Filter>소스 파일\Class2</Filter>
    </ClCompile>
    <ClCompile Include="1259_팰린드롬수.cpp">
      <Filter>소스 파일\Class2</Filter>
    </ClCompile>
    <ClCompile Include="1978_소수_찾기.cpp">
      <Filter>소스 파일\Class2</Filter>
    </ClCompile>
    <ClCompile Include="2164_카드2.cpp">
      <Filter>소스 파일\Class2</Filter>
    </ClCompile>
    <ClCompile Include="2609_최대공약수와_최소공배수.cpp">
      <Filter>소스 파일\Class2</Filter>
    </ClCompile>
    <ClCompile Include="2798_블랙잭.cpp">
      <Filter>소스 파일\Class2</Filter>
    </ClCompile>
    <ClCompile Include="4153_직각삼각형.cpp">
      <Filter>소스 파일\Class2</Filter>
    </ClCompile>
    <ClCompile Include="9012_괄호.cpp">
      <Filter>소스 파일\Class2</Filter>
    </ClCompile>
    <ClCompile Include="10250_ACM_호텔.cpp">
      <Filter>소스 파일\Class2</Filter>
    </ClCompile>
    <ClCompile Include="10814_나이순_정렬.cpp">
      <Filter>소스 파일\Class2</Filter>
    </ClCompile>
    <ClCompile Include="10816_숫자_카드_2.cpp">
      <Filter>소스 파일\Class2</Filter>
    </ClCompile>
    <ClCompile Include="10828_스택.cpp">
      <Filter>소스 파일\Class2</Filter>
    </ClCompile>
    <ClCompile Include="10845_큐.cpp">
      <Filter>소스 파일\Class2</Filter>
    </ClCompile>
    <ClCompile Include="10866_덱.cpp">
      <Filter>소스 파일\Class2</Filter>
    </ClCompile>
    <ClCompile Include="11050_이항_계수_1.cpp">
      <Filter>소스 파일\Class2</Filter>
    </ClCompile>
    <ClCompile Include="11650_좌표_정렬하기.cpp">
      <Filter>소스 파일\Class2</Filter>
    </ClCompile>
    <ClCompile Include="11866_요세푸스_문제_0.cpp">
      <Filter>소스 파일\Class2</Filter>
    </ClCompile>
    <ClCompile Include="1003_피보나치_함수.cpp">
      <Filter>소스 파일\Class3</Filter>
    </ClCompile>
    <ClCompile Include="1012_유기농_배추.cpp">
      <Filter>소스 파일\Class3</Filter>
    </ClCompile>
    <ClCompile Include="1074_Z.cpp">
      <Filter>소스 파일\Class3</Filter>
    </ClCompile>
    <ClCompile Include="1463_1로_만들기.cpp">
      <Filter>소스 파일\Class3</Filter>
    </ClCompile>
    <ClCompile Include="1620_나는야_포켓몬_마스터_이다솜.cpp">
      <Filter>소스 파일\Class3</Filter>
    </ClCompile>
    <ClCompile Include="1697_숨바꼭질.cpp">
      <Filter>소스 파일\Class3</Filter>
    </ClCompile>
    <ClCompile Include="1764_듣보잡.cpp">
      <Filter>소스 파일\Class3</Filter>
    </ClCompile>
    <ClCompile Include="1927_최소_힙.cpp">
      <Filter>소스 파일\Class3</Filter>
    </ClCompile>
    <ClCompile Include="1931_회의실_배정.cpp">
      <Filter>소스 파일\Class3</Filter>
    </ClCompile>
    <ClCompile Include="2606_바이러스.cpp">
      <Filter>소스 파일\Class3</Filter>
    </ClCompile>
    <ClCompile Include="2630_색종이_만들기.cpp">
      <Filter>소스 파일\Class3</Filter>
    </ClCompile>
    <ClCompile Include="7576_토마토.cpp">
      <Filter>소스 파일\Class3</Filter>
    </ClCompile>
    <ClCompile Include="9095_1,2,3_더하기.cpp">
      <Filter>소스 파일\Class3</Filter>
    </ClCompile>
    <ClCompile Include="11279_최대_힙.cpp">
      <Filter>소스 파일\Class3</Filter>
    </ClCompile>
    <ClCompile Include="18870_좌표_압축.cpp">
      <Filter>소스 파일\Class3</Filter>
    </ClCompile>
    <ClCompile Include="11170_0의_개수.cpp">
      <Filter>소스 파일\기타</Filter>
    </ClCompile>
    <ClCompile Include="4375_1.cpp">
      <Filter>소스 파일\기타</Filter>
    </ClCompile>
    <ClCompile Include="1213_펠린드롬_만들기.cpp">
      <Filter>소스 파일\기타</Filter>
    </ClCompile>
    <ClCompile Include="5585_거스름돈.cpp">
      <Filter>소스 파일\기타</Filter>
    </ClCompile>
    <ClCompile Include="1781_컵라면.cpp">
      <Filter>소스 파일\기타</Filter>
    </ClCompile>
    <ClCompile Include="11000_강의실_배정.cpp">
      <Filter>소스 파일\기타</Filter>
    </ClCompile>
    <ClCompile Include="4848_집합_숫자_표기법.cpp">
      <Filter>소스 파일\기타</Filter>
    </ClCompile>
    <ClCompile Include="1406_에디터.cpp">
      <Filter>소스 파일\기타</Filter>
    </ClCompile>
    <ClCompile Include="9547_대통령_선거.cpp">
      <Filter>소스 파일\기타</Filter>
    </ClCompile>
    <ClCompile Include="1543_문서_검색.cpp">
      <Filter>소스 파일\기타</Filter>
    </ClCompile>
    <ClCompile Include="7662_이중_우선순위_큐.cpp">
      <Filter>소스 파일\Class3</Filter>
    </ClCompile>
    <ClCompile Include="2407_조합.cpp">
      <Filter>소스 파일\Class4</Filter>
    </ClCompile>
    <ClCompile Include="15650_N과_M_(2).cpp">
      <Filter>소스 파일\Class4</Filter>
    </ClCompile>
    <ClCompile Include="15654_N과_M_(5).cpp">
      <Filter>소스 파일\Class4</Filter>
    </ClCompile>
    <ClCompile Include="11053_가장_긴_증가하는_부분_수열.cpp">
      <Filter>소스 파일\Class4</Filter>
    </ClCompile>
    <ClCompile Include="11725_트리의_부모_찾기.cpp">
      <Filter>소스 파일\Class4</Filter>
    </ClCompile>
    <ClCompile Include="1149_RGB거리.cpp">
      <Filter>소스 파일\Class4</Filter>
    </ClCompile>
    <ClCompile Include="1629_곱셈.cpp">
      <Filter>소스 파일\Class4</Filter>
    </ClCompile>
    <ClCompile Include="1932_정수_삼각형.cpp">
      <Filter>소스 파일\Class4</Filter>
    </ClCompile>
    <ClCompile Include="1991_트리_순회.cpp">
      <Filter>소스 파일\Class4</Filter>
    </ClCompile>
    <ClCompile Include="9465_스티커.cpp">
      <Filter>소스 파일\Class4</Filter>
    </ClCompile>
    <ClCompile Include="11660_구간_합_구하기_5.cpp">
      <Filter>소스 파일\Class4</Filter>
    </ClCompile>
    <ClCompile Include="1753_최단경로.cpp">
      <Filter>소스 파일\Class4</Filter>
    </ClCompile>
    <ClCompile Include="9251_LCS.cpp">
      <Filter>소스 파일\Class4</Filter>
    </ClCompile>
    <ClCompile Include="9663_N-Queen.cpp">
      <Filter>소스 파일\Class4</Filter>
    </ClCompile>
    <ClCompile Include="12865_평범한_배낭.cpp">
      <Filter>소스 파일\Class4</Filter>
    </ClCompile>
    <ClCompile Include="2447_별_찍기_-_10.cpp">
      <Filter>소스 파일\기타</Filter>
    </ClCompile>
    <ClCompile Include="1992_쿼드트리.cpp">
      <Filter>소스 파일\기타</Filter>
    </ClCompile>
    <ClCompile Include="2193_이친수.cpp">
      <Filter>소스 파일\DP</Filter>
    </ClCompile>
    <ClCompile Include="2579_계단_오르기.cpp">
      <Filter>소스 파일\DP</Filter>
    </ClCompile>
    <ClCompile Include="1912_연속합.cpp">
      <Filter>소스 파일\DP</Filter>
    </ClCompile>
    <ClCompile Include="1890_점프.cpp">
      <Filter>소스 파일\DP</Filter>
    </ClCompile>
    <ClCompile Include="2156_포도주_시식.cpp">
      <Filter>소스 파일\DP</Filter>
    </ClCompile>
    <ClCompile Include="9252_LCS_2.cpp">
      <Filter>소스 파일\DP</Filter>
    </ClCompile>
    <ClCompile Include="2457_공주님의_정원.cpp">
      <Filter>소스 파일\기타</Filter>
    </ClCompile>
    <ClCompile Include="13549_숨바꼭질_3.cpp">
      <Filter>소스 파일\Class4</Filter>
    </ClCompile>
    <ClCompile Include="1967_트리의_지름.cpp">
      <Filter>소스 파일\Class4</Filter>
    </ClCompile>
    <ClCompile Include="2206_벽_부수고_이동하기.cpp">
      <Filter>소스 파일\Class4</Filter>
    </ClCompile>
    <ClCompile Include="11404_플로이드.cpp">
      <Filter>소스 파일\Class4</Filter>
    </ClCompile>
    <ClCompile Include="1167_트리의_지름.cpp">
      <Filter>소스 파일\Class4</Filter>
    </ClCompile>
    <ClCompile Include="1865_웜홀.cpp">
      <Filter>소스 파일\Class4</Filter>
    </ClCompile>
    <ClCompile Include="..\..\Algoris\Algoris\Edge.cpp">
      <Filter>소스 파일\Graph</Filter>
    </ClCompile>
    <ClCompile Include="..\..\Algoris\Algoris\Graph.cpp">
      <Filter>소스 파일\Graph</Filter>
    </ClCompile>
    <ClCompile Include="..\..\Algoris\Algoris\Vertex.cpp">
      <Filter>소스 파일\Graph</Filter>
    </ClCompile>
    <ClCompile Include="781_1_⭐1번-한별_찍기.cpp">
      <Filter>소스 파일\진짜 최종 구데기컵 2 2</Filter>
    </ClCompile>
    <ClCompile Include="781_2_Binary_Game_2.cpp">
      <Filter>소스 파일\진짜 최종 구데기컵 2 2</Filter>
    </ClCompile>
    <ClCompile Include="781_12_(🔢,➕)-🅰➕🅱.cpp">
      <Filter>소스 파일\진짜 최종 구데기컵 2 2</Filter>
    </ClCompile>
    <ClCompile Include="781_11_하이퍼하게_누울_하이퍼_자리를_찾아라.cpp">
      <Filter>소스 파일\진짜 최종 구데기컵 2 2</Filter>
    </ClCompile>
    <ClCompile Include="2166_다각형의_면적.cpp">
      <Filter>소스 파일\Class5</Filter>
    </ClCompile>
    <ClCompile Include="2467_용액.cpp">
      <Filter>소스 파일\Class5</Filter>
    </ClCompile>
    <ClCompile Include="2108_통계학.cpp">
      <Filter>소스 파일\Class2</Filter>
    </ClCompile>
    <ClCompile Include="1197_최소_스패닝_트리.cpp">
      <Filter>소스 파일\Class5</Filter>
    </ClCompile>
    <ClCompile Include="1806_부분합.cpp">
      <Filter>소스 파일\Class5</Filter>
    </ClCompile>
    <ClCompile Include="2239_스도쿠.cpp">
      <Filter>소스 파일\Class5</Filter>
    </ClCompile>
    <ClCompile Include="11689_GCD(n,k)=1.cpp">
      <Filter>소스 파일\Class6</Filter>
    </ClCompile>
    <ClCompile Include="10942_팰린드롬.cpp">
      <Filter>소스 파일\Class5</Filter>
    </ClCompile>
    <ClCompile Include="1005_ACM_Craft.cpp">
      <Filter>소스 파일\Class5</Filter>
    </ClCompile>
    <ClCompile Include="2252_줄_세우기.cpp">
      <Filter>소스 파일\Class5</Filter>
    </ClCompile>
    <ClCompile Include="2473_세_용액.cpp">
      <Filter>소스 파일\Class5</Filter>
    </ClCompile>
    <ClCompile Include="2623_음악프로그램.cpp">
      <Filter>소스 파일\Class5</Filter>
    </ClCompile>
    <ClCompile Include="1260_DFS와_BFS.cpp">
      <Filter>소스 파일\Class3</Filter>
    </ClCompile>
    <ClCompile Include="7579_앱.cpp">
      <Filter>소스 파일\Class5</Filter>
    </ClCompile>
    <ClCompile Include="9466_텀_프로젝트.cpp">
      <Filter>소스 파일\Class5</Filter>
    </ClCompile>
    <ClCompile Include="1001_A-B.cpp">
      <Filter>소스 파일\Class1</Filter>
    </ClCompile>
    <ClCompile Include="2475_검증수.cpp">
      <Filter>소스 파일\Class1</Filter>
    </ClCompile>
    <ClCompile Include="1202_보석_도둑.cpp">
      <Filter>소스 파일\Class5</Filter>
    </ClCompile>
    <ClCompile Include="11049_행렬_곱셈_순서.cpp">
      <Filter>소스 파일\Class5</Filter>
    </ClCompile>
    <ClCompile Include="12100_2048_(Easy).cpp">
      <Filter>소스 파일\Class5</Filter>
    </ClCompile>
    <ClCompile Include="17387_선분_교차_2.cpp">
      <Filter>소스 파일\Class5</Filter>
    </ClCompile>
    <ClCompile Include="10171_고양이.cpp">
      <Filter>소스 파일\Class1</Filter>
    </ClCompile>
    <ClCompile Include="1208_부분수열의_합_2.cpp">
      <Filter>소스 파일\Class5</Filter>
    </ClCompile>
    <ClCompile Include="10172_개.cpp">
      <Filter>소스 파일\Class1</Filter>
    </ClCompile>
    <ClCompile Include="2098_외판원_순회.cpp">
      <Filter>소스 파일\Class5</Filter>
    </ClCompile>
    <ClCompile Include="9328_열쇠.cpp">
      <Filter>소스 파일\Class5</Filter>
    </ClCompile>
    <ClCompile Include="14003_가장_긴_증가하는_부분_수열_5.cpp">
      <Filter>소스 파일\Class5</Filter>
    </ClCompile>
    <ClCompile Include="13460_구슬_탈출_2.cpp">
      <Filter>소스 파일\Class5</Filter>
    </ClCompile>
    <ClCompile Include="2753_윤년.cpp">
      <Filter>소스 파일\Class1</Filter>
    </ClCompile>
    <ClCompile Include="9498_시험_성적.cpp">
      <Filter>소스 파일\Class1</Filter>
    </ClCompile>
    <ClCompile Include="10809_알파벳_찾기.cpp">
      <Filter>소스 파일\Class1</Filter>
    </ClCompile>
    <ClCompile Include="10871_X보다_작은_수.cpp">
      <Filter>소스 파일\Class1</Filter>
    </ClCompile>
    <ClCompile Include="2439_별_찍기_-_2.cpp">
      <Filter>소스 파일\Class1</Filter>
    </ClCompile>
    <ClCompile Include="2742_기찍_N.cpp">
      <Filter>소스 파일\Class1</Filter>
    </ClCompile>
    <ClCompile Include="2884_알람_시계.cpp">
      <Filter>소스 파일\Class1</Filter>
    </ClCompile>
    <ClCompile Include="1152_단어의_개수.cpp">
      <Filter>소스 파일\Class1</Filter>
    </ClCompile>
    <ClCompile Include="2754_학점계산.cpp">
      <Filter>소스 파일\Class1</Filter>
    </ClCompile>
    <ClCompile Include="13459_구슬_탈출.cpp">
      <Filter>소스 파일\기타</Filter>
    </ClCompile>
    <ClCompile Include="2533_사회망_서비스(SNS).cpp">
      <Filter>소스 파일\Class6</Filter>
    </ClCompile>
    <ClCompile Include="14725_개미굴.cpp">
      <Filter>소스 파일\Class6</Filter>
    </ClCompile>
    <ClCompile Include="13334_철로.cpp">
      <Filter>소스 파일\Class6</Filter>
    </ClCompile>
    <ClCompile Include="1019_책_페이지.cpp">
      <Filter>소스 파일\Class6</Filter>
    </ClCompile>
    <ClCompile Include="2042_구간_합_구하기.cpp">
      <Filter>소스 파일\Class6</Filter>
    </ClCompile>
    <ClCompile Include="Segment_Tree.cpp">
      <Filter>소스 파일\Algorithm</Filter>
    </ClCompile>
    <ClCompile Include="2841_외계인의_기타_연주.cpp">
      <Filter>소스 파일\기타</Filter>
    </ClCompile>
    <ClCompile Include="18258_큐_2.cpp">
      <Filter>소스 파일\기타</Filter>
    </ClCompile>
    <ClCompile Include="7785_회사에_있는_사람.cpp">
      <Filter>소스 파일\기타</Filter>
    </ClCompile>
    <ClCompile Include="16287_Parcel.cpp">
      <Filter>소스 파일\Class6</Filter>
    </ClCompile>
    <ClCompile Include="1509_팰린드롬_분할.cpp">
      <Filter>소스 파일\Class5</Filter>
    </ClCompile>
    <ClCompile Include="2727_2,3_거듭제곱의_합.cpp">
      <Filter>소스 파일\기타</Filter>
    </ClCompile>
    <ClCompile Include="1486_등산.cpp">
      <Filter>소스 파일\이벤트_트리_만들기</Filter>
    </ClCompile>
    <ClCompile Include="11438_LCA2.cpp">
      <Filter>소스 파일\Class6</Filter>
    </ClCompile>
    <ClCompile Include="6549_히스토그램에서_가장_큰_직사각형.cpp">
      <Filter>소스 파일\Class6</Filter>
    </ClCompile>
    <ClCompile Include="1007_벡터_매칭.cpp">
      <Filter>소스 파일\Class5</Filter>
    </ClCompile>
    <ClCompile Include="I번 - 자석.cpp">
      <Filter>소스 파일\UCPC 2023 예선</Filter>
    </ClCompile>
    <ClCompile Include="K번 - 세미나 배정.cpp">
      <Filter>소스 파일\UCPC 2023 예선</Filter>
    </ClCompile>
    <ClCompile Include="1562_계단_수.cpp">
      <Filter>소스 파일\Class5</Filter>
    </ClCompile>
    <ClCompile Include="1708_볼록_껍질.cpp">
      <Filter>소스 파일\Class6</Filter>
    </ClCompile>
    <ClCompile Include="1725_히스토그램.cpp">
      <Filter>소스 파일\Class6</Filter>
    </ClCompile>
    <ClCompile Include="4008_특공대.cpp">
      <Filter>소스 파일\Class7</Filter>
    </ClCompile>
    <ClCompile Include="10775_공항.cpp">
      <Filter>소스 파일\Class5</Filter>
    </ClCompile>
    <ClCompile Include="Loweast_Common_Ancestor.cpp">
      <Filter>소스 파일\Algorithm</Filter>
    </ClCompile>
    <ClCompile Include="1761_정점들의_거리.cpp">
      <Filter>소스 파일\Class6</Filter>
    </ClCompile>
    <ClCompile Include="1786_찾기.cpp">
      <Filter>소스 파일\Class6</Filter>
    </ClCompile>
    <ClCompile Include="15824_너_봄에는_캡사이신이_맛있단다.cpp">
      <Filter>소스 파일\Class6</Filter>
    </ClCompile>
    <ClCompile Include="2150_Stronly_Connected_Component.cpp">
      <Filter>소스 파일\Class6</Filter>
    </ClCompile>
    <ClCompile Include="5719_거의_최단_경로.cpp">
      <Filter>소스 파일\Class6</Filter>
    </ClCompile>
    <ClCompile Include="19585_전설.cpp">
      <Filter>소스 파일\Class6</Filter>
    </ClCompile>
    <ClCompile Include="3176 도로 네트워크.cpp">
      <Filter>소스 파일\Class6</Filter>
    </ClCompile>
    <ClCompile Include="3190 뱀.cpp">
      <Filter>소스 파일\삼성 SW 역량 테스트 기출 문제</Filter>
    </ClCompile>
    <ClCompile Include="11659 구간 합 구하기 4.cpp">
      <Filter>소스 파일\Class3</Filter>
    </ClCompile>
    <ClCompile Include="2805 나무 자르기.cpp">
      <Filter>소스 파일\Class3</Filter>
    </ClCompile>
    <ClCompile Include="14940 쉬운 최단거리.cpp">
      <Filter>소스 파일\Class3</Filter>
    </ClCompile>
    <ClCompile Include="15663 N과 M %289%29.cpp">
      <Filter>소스 파일\Class4</Filter>
    </ClCompile>
    <ClCompile Include="1238 파티.cpp">
      <Filter>소스 파일\Class4</Filter>
    </ClCompile>
    <ClCompile Include="1918 후위표기식.cpp">
      <Filter>소스 파일\Class4</Filter>
    </ClCompile>
    <ClCompile Include="11444 피보나치 수 6.cpp">
      <Filter>소스 파일\Class4</Filter>
    </ClCompile>
    <ClCompile Include="7453 합이 0인 네 정수.cpp">
      <Filter>소스 파일\Class4</Filter>
    </ClCompile>
    <ClCompile Include="2292 벌집.cpp">
      <Filter>소스 파일\Class2</Filter>
    </ClCompile>
    <ClCompile Include="2839 설탕 배달.cpp">
      <Filter>소스 파일\Class2</Filter>
    </ClCompile>
    <ClCompile Include="5430 AC.cpp">
      <Filter>소스 파일\Class3</Filter>
    </ClCompile>
    <ClCompile Include="7569 토마토.cpp">
      <Filter>소스 파일\Class3</Filter>
    </ClCompile>
    <ClCompile Include="1874 스택 수열.cpp">
      <Filter>소스 파일\Class2</Filter>
    </ClCompile>
    <ClCompile Include="2143 두 배열의 합.cpp">
      <Filter>소스 파일\Class5</Filter>
    </ClCompile>
    <ClCompile Include="15652 N과 M %284%29.cpp">
      <Filter>소스 파일\Class4</Filter>
    </ClCompile>
    <ClCompile Include="15666 N과 M %2812%29.cpp">
      <Filter>소스 파일\Class4</Filter>
    </ClCompile>
    <ClCompile Include="16953 A → B.cpp">
      <Filter>소스 파일\Class4</Filter>
    </ClCompile>
    <ClCompile Include="1916 최소비용 구하기.cpp">
      <Filter>소스 파일\Class4</Filter>
    </ClCompile>
    <ClCompile Include="17013 Flipper.cpp">
      <Filter>소스 파일\Random Marathon\Course 43</Filter>
    </ClCompile>
    <ClCompile Include="9388 Arbiter Login.cpp">
      <Filter>소스 파일\Random Marathon\Course 43</Filter>
    </ClCompile>
    <ClCompile Include="7095 Factorials.cpp">
      <Filter>소스 파일\Random Marathon\Course 43</Filter>
    </ClCompile>
    <ClCompile Include="7121 Pencil Factory.cpp">
      <Filter>소스 파일\Random Marathon\Course 43</Filter>
    </ClCompile>
    <ClCompile Include="16198 에너지 모으기.cpp">
      <Filter>소스 파일\Random Marathon\Course 43</Filter>
    </ClCompile>
    <ClCompile Include="11613 ASCII Addition.cpp">
      <Filter>소스 파일\Random Marathon\Course 43</Filter>
    </ClCompile>
    <ClCompile Include="33614 2^3은.cpp">
      <Filter>소스 파일\Random Marathon\Course 43</Filter>
    </ClCompile>
    <ClCompile Include="2231 분해합.cpp">
      <Filter>소스 파일\Class2</Filter>
    </ClCompile>
    <ClCompile Include="15829 Hashing.cpp">
      <Filter>소스 파일\Class2</Filter>
    </ClCompile>
    <ClCompile Include="2775 부녀회장이 될테야.cpp">
      <Filter>소스 파일\Class2</Filter>
    </ClCompile>
    <ClCompile Include="2869 달팽이는 올라가고 싶다.cpp">
      <Filter>소스 파일\Class2</Filter>
    </ClCompile>
    <ClCompile Include="28702 FizzBuzz.cpp">
      <Filter>소스 파일\Class2</Filter>
    </ClCompile>
    <ClCompile Include="1436 영호감독 숌.cpp">
      <Filter>소스 파일\Class2</Filter>
    </ClCompile>
    <ClCompile Include="1676 팩토리얼 0의 개수.cpp">
      <Filter>소스 파일\Class2</Filter>
    </ClCompile>
    <ClCompile Include="7568 덩치.cpp">
      <Filter>소스 파일\Class2</Filter>
    </ClCompile>
    <ClCompile Include="11651 좌표 정렬하기 2.cpp">
      <Filter>소스 파일\Class2</Filter>
    </ClCompile>
    <ClCompile Include="4949 균형잡힌 세상.cpp">
      <Filter>소스 파일\Class2</Filter>
    </ClCompile>
    <ClCompile Include="10773 제로.cpp">
      <Filter>소스 파일\Class2</Filter>
    </ClCompile>
    <ClCompile Include="18110 solved.ac.cpp">
      <Filter>소스 파일\Class2</Filter>
    </ClCompile>
  </ItemGroup>
  <ItemGroup>
    <ClInclude Include="..\..\Algoris\Algoris\Edge.h">
      <Filter>소스 파일\Graph</Filter>
    </ClInclude>
    <ClInclude Include="..\..\Algoris\Algoris\Graph.h">
      <Filter>소스 파일\Graph</Filter>
    </ClInclude>
    <ClInclude Include="..\..\Algoris\Algoris\Vertex.h">
      <Filter>소스 파일\Graph</Filter>
    </ClInclude>
  </ItemGroup>
  <ItemGroup>
    <None Include="..\..\..\..\..\AppData\Local\Temp\MicrosoftEdgeDownloads\0b162d31-2e05-4b00-9fad-c1c1ac1d2f55\B_P1_lattice.py">
      <Filter>소스 파일\Random Marathon\Course 43</Filter>
    </None>
  </ItemGroup>
</Project>